
Microsoft Visual Studio Solution File, Format Version 12.00
# Visual Studio Version 16
VisualStudioVersion = 16.0.29503.13
MinimumVisualStudioVersion = 10.0.40219.1
Project("{FAE04EC0-301F-11D3-BF4B-00C04F79EFBC}") = "JJFWebCore", "JJFWebCore\JJFWebCore.csproj", "{ED5B3D22-7B89-430F-A45B-5C0B06A5C0CE}"
EndProject
Global
	GlobalSection(SolutionConfigurationPlatforms) = preSolution
		Debug|Any CPU = Debug|Any CPU
		Release|Any CPU = Release|Any CPU
	EndGlobalSection
	GlobalSection(ProjectConfigurationPlatforms) = postSolution
		{ED5B3D22-7B89-430F-A45B-5C0B06A5C0CE}.Debug|Any CPU.ActiveCfg = Debug|Any CPU
		{ED5B3D22-7B89-430F-A45B-5C0B06A5C0CE}.Debug|Any CPU.Build.0 = Debug|Any CPU
		{ED5B3D22-7B89-430F-A45B-5C0B06A5C0CE}.Release|Any CPU.ActiveCfg = Release|Any CPU
		{ED5B3D22-7B89-430F-A45B-5C0B06A5C0CE}.Release|Any CPU.Build.0 = Release|Any CPU
	EndGlobalSection
	GlobalSection(SolutionProperties) = preSolution
		HideSolutionNode = FALSE
	EndGlobalSection
	GlobalSection(ExtensibilityGlobals) = postSolution
		SolutionGuid = {3A85AA47-A733-4008-B82E-63F2B044ADDA}
	EndGlobalSection
EndGlobal
